PODS:
  - Expecta (1.0.6)
  - Nimble (8.0.5)
  - Quick (2.2.0)
  - Specta (1.0.7)

DEPENDENCIES:
  - Expecta
  - Nimble
  - Quick
  - Specta

SPEC REPOS:
  https://github.com/CocoaPods/Specs.git:
    - Expecta
    - Nimble
    - Quick
    - Specta

SPEC CHECKSUMS:
  Expecta: 3b6bd90a64b9a1dcb0b70aa0e10a7f8f631667d5
  Nimble: 4ab1aeb9b45553c75b9687196b0fa0713170a332
  Quick: 7fb19e13be07b5dfb3b90d4f9824c855a11af40e
  Specta: 3e1bd89c3517421982dc4d1c992503e48bd5fe66

PODFILE CHECKSUM: a73d5e2c1af4af549b01442b3a1cac545b2440bb

COCOAPODS: 1.8.4
